
Microsoft Visual Studio Solution File, Format Version 12.00
# Visual Studio Version 17
VisualStudioVersion = 17.9.34728.123
MinimumVisualStudioVersion = 10.0.40219.1
Project("{9A19103F-16F7-4668-BE54-9A1E7A4F7556}") = "IT.Base64", "IT.Base64\IT.Base64.csproj", "{2E9A2C34-39B8-4966-A2E6-4494B8CC4271}"
EndProject
Project("{9A19103F-16F7-4668-BE54-9A1E7A4F7556}") = "IT.Base64.Benchmarks", "IT.Base64.Benchmarks\IT.Base64.Benchmarks.csproj", "{5248F036-9E9D-4AB2-901E-647A4729D7E0}"
EndProject
Project("{9A19103F-16F7-4668-BE54-9A1E7A4F7556}") = "IT.Base64.Tests", "IT.Base64.Tests\IT.Base64.Tests.csproj", "{BF9A738F-E52B-4BF7-9A10-89B632E161CA}"
EndProject
Global
	GlobalSection(SolutionConfigurationPlatforms) = preSolution
		Debug|Any CPU = Debug|Any CPU
		Release|Any CPU = Release|Any CPU
	EndGlobalSection
	GlobalSection(ProjectConfigurationPlatforms) = postSolution
		{2E9A2C34-39B8-4966-A2E6-4494B8CC4271}.Debug|Any CPU.ActiveCfg = Debug|Any CPU
		{2E9A2C34-39B8-4966-A2E6-4494B8CC4271}.Debug|Any CPU.Build.0 = Debug|Any CPU
		{2E9A2C34-39B8-4966-A2E6-4494B8CC4271}.Release|Any CPU.ActiveCfg = Release|Any CPU
		{2E9A2C34-39B8-4966-A2E6-4494B8CC4271}.Release|Any CPU.Build.0 = Release|Any CPU
		{5248F036-9E9D-4AB2-901E-647A4729D7E0}.Debug|Any CPU.ActiveCfg = Debug|Any CPU
		{5248F036-9E9D-4AB2-901E-647A4729D7E0}.Debug|Any CPU.Build.0 = Debug|Any CPU
		{5248F036-9E9D-4AB2-901E-647A4729D7E0}.Release|Any CPU.ActiveCfg = Release|Any CPU
		{5248F036-9E9D-4AB2-901E-647A4729D7E0}.Release|Any CPU.Build.0 = Release|Any CPU
		{BF9A738F-E52B-4BF7-9A10-89B632E161CA}.Debug|Any CPU.ActiveCfg = Debug|Any CPU
		{BF9A738F-E52B-4BF7-9A10-89B632E161CA}.Debug|Any CPU.Build.0 = Debug|Any CPU
		{BF9A738F-E52B-4BF7-9A10-89B632E161CA}.Release|Any CPU.ActiveCfg = Release|Any CPU
		{BF9A738F-E52B-4BF7-9A10-89B632E161CA}.Release|Any CPU.Build.0 = Release|Any CPU
	EndGlobalSection
	GlobalSection(SolutionProperties) = preSolution
		HideSolutionNode = FALSE
	EndGlobalSection
	GlobalSection(ExtensibilityGlobals) = postSolution
		SolutionGuid = {BF996A99-CD2D-48DD-A2B4-B2211AF8C6B8}
	EndGlobalSection
EndGlobal
